# Auto-generated by scripts/_extract-top-completed.py
slug: space-pirate-captain-harlock
title: 宇宙海賊キャプテンハーロック
title_kana: ウチュウカイゾクキャプテンハーロック
title_romaji: uchuu kaizoku kyaputen haarokku
year_started: 1977
year_ended: 1979
status: completed
authors:
- name: 松本零士
  role: writer_artist
original_authors: []
publisher: akita
magazine: null
demographic: shounen
genres:
- sci-fi
- adventure
- drama
synopsis: 松本零士による宇宙海賊漫画の金字塔。地球を捨てて宇宙を駆ける孤高の海賊キャプテンハーロックと自由を愛する仲間たちの戦いを描く。アニメ化、世界的大ヒット。
anime_adapted: true
wikidata_qid: Q431443
editions:
- type: standard
  label: 通常版
  imprint: サンデーコミックス
  volumes:
  - number: 1
    asin: null
    isbn13: null
    cover_url: null
    release_date: 1977-11
  - number: 2
    asin: null
    isbn13: null
    cover_url: null
    release_date: 1978-01
  - number: 3
    asin: null
    isbn13: null
    cover_url: null
    release_date: 1978-05
  - number: 4
    asin: null
    isbn13: '9784253063661'
    cover_url: null
    release_date: '1978-11-15'
  - number: 5
    asin: null
    isbn13: '9784253063678'
    cover_url: null
    release_date: '1979-10-05'
- type: bunkobon
  label: 文庫版
  imprint: 秋田文庫
  volumes:
  - number: 1
    asin: null
    isbn13: '9784253170055'
    cover_url: null
    release_date: '1994-04-30'
  - number: 2
    asin: null
    isbn13: '9784253170062'
    cover_url: null
    release_date: 1994-04
  - number: 3
    asin: null
    isbn13: '9784253170079'
    cover_url: null
    release_date: 1994-04
