# Regenerated by scripts/_promote-bulk-v2.py (= path B' step G)
slug: nichijou-lock
title: 日常ロック
title_kana: ニチジョウロック
title_romaji: nichijou rokku
year_started: 2021
year_ended: 2026
status: completed
authors:
- name: 松並香葉
  role: writer_artist
  kana: マツナミコウヨウ
  romaji: matsunamikouyou
- name: トラゾー
  role: writer_artist
  kana: トラゾー
  romaji: torazo
original_authors: []
publisher: kadokawa
magazine: null
demographic: shounen
genres:
- action
- comedy
- drama
synopsis: 強盗の末に投獄されたPKST。檻の外にいるのはトラゾウただ一人。ペイント、クロノア、シニガミは無事に脱出できるのか——疾走感あふれるアクション・コメディ。
anime_adapted: false
alternative_titles:
  en: Everyday Rock
editions:
- type: standard
  label: 通常版
  publisher: KADOKAWA
  imprint: MFC
  volumes:
  - number: 1
    asin: null
    isbn13: '9784046805645'
    cover_url: https://thumbnail.image.rakuten.co.jp/@0_mall/book/cabinet/5645/9784046805645_1_16.jpg?_ex=200x200
    release_date: 2021-07
  - number: 2
    asin: null
    isbn13: '9784046810434'
    cover_url: https://thumbnail.image.rakuten.co.jp/@0_mall/book/cabinet/0434/9784046810434_1_14.jpg?_ex=200x200
    release_date: 2022-01
  - number: 3
    asin: null
    isbn13: '9784046815323'
    cover_url: https://thumbnail.image.rakuten.co.jp/@0_mall/book/cabinet/5323/9784046815323_1_16.jpg?_ex=200x200
    release_date: 2022-07
  - number: 4
    asin: null
    isbn13: '9784046818966'
    cover_url: https://thumbnail.image.rakuten.co.jp/@0_mall/book/cabinet/8966/9784046818966_1_12.jpg?_ex=200x200
    release_date: 2022-11
  - number: 5
    asin: null
    isbn13: '9784046824653'
    cover_url: https://thumbnail.image.rakuten.co.jp/@0_mall/book/cabinet/4653/9784046824653_1_12.jpg?_ex=200x200
    release_date: 2023-05
  - number: 6
    asin: null
    isbn13: '9784046828125'
    cover_url: https://thumbnail.image.rakuten.co.jp/@0_mall/book/cabinet/8125/9784046828125_1_14.jpg?_ex=200x200
    release_date: 2023-10
  - number: 7
    asin: null
    isbn13: '9784046835055'
    cover_url: https://thumbnail.image.rakuten.co.jp/@0_mall/book/cabinet/5055/9784046835055_1_15.jpg?_ex=200x200
    release_date: 2024-03
  - number: 8
    asin: null
    isbn13: '9784046838896'
    cover_url: https://thumbnail.image.rakuten.co.jp/@0_mall/book/cabinet/8896/9784046838896_1_15.jpg?_ex=300x300
    release_date: 2024-09
  - number: 9
    asin: null
    isbn13: '9784046842688'
    cover_url: https://thumbnail.image.rakuten.co.jp/@0_mall/book/cabinet/2688/9784046842688_1_16.jpg?_ex=200x200
    release_date: '2025-03-03'
  - number: 10
    asin: null
    isbn13: '9784046849229'
    cover_url: https://thumbnail.image.rakuten.co.jp/@0_mall/book/cabinet/9229/9784046849229_1_21.jpg?_ex=200x200
    release_date: '2025-08-06'
  - number: 11
    asin: null
    isbn13: '9784046856166'
    cover_url: https://thumbnail.image.rakuten.co.jp/@0_mall/book/cabinet/6166/9784046856166_1_14.jpg?_ex=200x200
    release_date: '2026-02-23'
  - number: 12
    asin: null
    isbn13: '9784046603708'
    cover_url: https://thumbnail.image.rakuten.co.jp/@0_mall/book/cabinet/3708/9784046603708_1_5.jpg?_ex=300x300
    release_date: '2026-08-21'
publishers:
- kadokawa
catch: 強盗の末に投獄された仲間たち。檻の外に残されたのはただ一人。脱出は叶うのか――疾走感が止まらないアクション・コメディ。
anilist_id: 128692
genres_anilist:
- Action
- Comedy
- Drama
tags:
- name: Seinen
  category: Demographic
  rank: 20
- name: Death Game
  category: Rakuten
  rank: 60
popularity: 75
work_wikidata_qid: Q107525320
