# Regenerated by scripts/_promote-bulk-v2.py (= path B' step G)
slug: sherlock
title: SHERLOCK
title_kana: シャーロック
title_romaji: sharokku ooinaru gemu
year_started: 2016
year_ended: 2016
status: completed
authors:
- name: Jay.
  role: artist
original_authors:
- name: スティーヴン・モファット
  role: writer
  kana: スティーヴンモファット
  romaji: suteivunmofatto
- name: マーク・ゲイティス
  role: writer
  kana: マークゲイティス
  romaji: makugeiteisu
publisher: kadokawa
magazine: shonen-ace
demographic: seinen
genres:
- drama
- mystery
synopsis: BBCの大ヒットドラマを漫画化。現代のロンドンを舞台に、シャーロックとワトソンが頭脳を駆使して難事件に挑むミステリー。
anime_adapted: false
alternative_titles:
  en: 'Sherlock: The Great Game'
editions:
- type: standard
  label: 通常版
  publisher: KADOKAWA
  imprint: 角川コミックス・エース
  volumes:
  - number: 1
    volume_label: ピンク色の研究
    asin: null
    isbn13: '9784041207109'
    cover_url: https://thumbnail.image.rakuten.co.jp/@0_mall/book/cabinet/7109/9784041207109.jpg?_ex=300x300
    release_date: 2013-08
  - number: 2
    volume_label: 死を呼ぶ暗号
    asin: null
    isbn13: '9784041211274'
    cover_url: https://thumbnail.image.rakuten.co.jp/@0_mall/book/cabinet/1274/9784041211274.jpg?_ex=300x300
    release_date: 2014-06
  - number: 3
    volume_label: 大いなるゲーム
    asin: null
    isbn13: '9784041016862'
    cover_url: https://thumbnail.image.rakuten.co.jp/@0_mall/book/cabinet/6862/9784041016862.jpg?_ex=300x300
    release_date: 2016-02
  - number: 4
    volume_label: ベルグレービアの醜聞(上)
    asin: null
    isbn13: '9784041050330'
    cover_url: https://thumbnail.image.rakuten.co.jp/@0_mall/book/cabinet/0330/9784041050330.jpg?_ex=300x300
    release_date: 2019-07
  - number: 5
    volume_label: ベルグレービアの醜聞(下)
    asin: null
    isbn13: '9784041120200'
    cover_url: https://thumbnail.image.rakuten.co.jp/@0_mall/book/cabinet/0200/9784041120200_1_7.jpg?_ex=300x300
    release_date: 2021-12
publishers:
- kadokawa
catch: BBCの大ヒットドラマを漫画化。現代ロンドンを舞台に、シャーロックとワトソンが頭脳を駆使して難事件に挑むミステリー、その名は「大いなるゲーム」。
anilist_id: 72331
synonyms:
- 'Sherlock: Pink Iro no Kenkyuu'
- SHERLOCK ピンク色の研究
- 'Sherlock: Shi wo Yobu Angou'
- 'Sherlock: Belgravia no Shuubun'
- 'Sherlock: Ooinaru Game'
- SHERLOCK ベルグレービアの醜聞
- SHERLOCK 死を呼ぶ暗号
- SHERLOCK 大いなるゲーム
genres_anilist:
- Drama
- Mystery
tags:
- name: Seinen
  category: Demographic
  rank: 79
popularity: 1653
score: 67
