# Regenerated by scripts/_promote-bulk-v2.py (= path B' step G)
slug: uchuu-kaizoku-captain-harlock
title: 宇宙海賊キャプテンハーロック
title_kana: ウチュウカイゾクキャプテンハーロック
title_romaji: uchuu kaizoku kyaputen harokku
year_started: 1978
year_ended: 1979
status: completed
authors:
- name: 松本零士
  role: writer_artist
  kana: マツモトレイジ
  romaji: matsumotoreiji
original_authors: []
publisher: akita
magazine: null
demographic: shounen
genres:
- sci-fi
synopsis: ''
anime_adapted: true
alternative_titles:
  en: Space Pirate Captain Harlock
wikidata_qid: Q431443
editions:
- type: standard
  label: 通常版
  publisher: 秋田書店
  imprint: サンデーコミックス
  volumes:
  - number: 1
    asin: null
    isbn13: '9784253170055'
    cover_url: https://thumbnail.image.rakuten.co.jp/@0_mall/book/cabinet/0055/9784253170055.jpg?_ex=200x200
    release_date: 1992-06
    variants:
    - label: 豪華版
      isbn13: '9784253103800'
      cover_url: null
      price: null
  - number: 2
    asin: null
    isbn13: '9784253103817'
    cover_url: https://thumbnail.image.rakuten.co.jp/@0_mall/book/cabinet/3817/9784253103817.jpg?_ex=300x300
    release_date: 1992-08
  - number: 3
    asin: null
    isbn13: '9784253103824'
    cover_url: https://thumbnail.image.rakuten.co.jp/@0_mall/book/cabinet/3824/9784253103824.jpg?_ex=300x300
    release_date: 1992-10
  - number: 4
    asin: null
    isbn13: '9784253063661'
    cover_url: https://thumbnail.image.rakuten.co.jp/@0_mall/book/cabinet/3661/9784253063661.jpg?_ex=200x200
    release_date: '1978-11-15'
  - number: 5
    asin: null
    isbn13: '9784253063678'
    cover_url: https://thumbnail.image.rakuten.co.jp/@0_mall/book/cabinet/3678/9784253063678.jpg?_ex=200x200
    release_date: '1979-10-05'
- type: bunkobon
  label: 文庫版
  publisher: 秋田書店
  imprint: 秋田文庫
  volumes:
  - number: 1
    asin: null
    isbn13: '9784253170055'
    cover_url: https://thumbnail.image.rakuten.co.jp/@0_mall/book/cabinet/0055/9784253170055.jpg?_ex=200x200
    release_date: '1994-04-30'
  - number: 2
    asin: null
    isbn13: '9784253170062'
    cover_url: https://thumbnail.image.rakuten.co.jp/@0_mall/book/cabinet/0062/9784253170062.jpg?_ex=200x200
    release_date: 1994-04
  - number: 3
    asin: null
    isbn13: '9784253170079'
    cover_url: https://thumbnail.image.rakuten.co.jp/@0_mall/book/cabinet/0079/9784253170079.jpg?_ex=200x200
    release_date: 1994-04
publishers:
- akita
