# Regenerated by scripts/_promote-bulk-v2.py (= path B' step G)
slug: uchuu-kaizoku-captain-harlock
title: 宇宙海賊キャプテンハーロック
title_kana: ウチュウカイゾクキャプテンハーロック
title_romaji: uchuu kaizoku kyaputen harokku
year_started: 1977
year_ended: 1979
status: completed
authors:
- name: 松本零士
  role: writer_artist
  kana: マツモトレイジ
  romaji: matsumotoreiji
original_authors: []
publisher: akita
magazine: null
demographic: shounen
genres:
- sci-fi
synopsis: ''
anime_adapted: true
alternative_titles:
  en: Space Pirate Captain Harlock
wikidata_qid: Q431443
editions:
- type: standard
  label: 通常版
  publisher: 秋田書店
  imprint: サンデーコミックス
  volumes:
  - number: 1
    asin: null
    isbn13: '9784253063630'
    cover_url: https://thumbnail.image.rakuten.co.jp/@0_mall/book/cabinet/3630/9784253063630.jpg?_ex=300x300
    release_date: 1977-11
  - number: 2
    asin: null
    isbn13: '9784253063647'
    cover_url: https://thumbnail.image.rakuten.co.jp/@0_mall/book/cabinet/3647/9784253063647.jpg?_ex=300x300
    release_date: 1978-01
  - number: 3
    asin: null
    isbn13: '9784253063654'
    cover_url: https://thumbnail.image.rakuten.co.jp/@0_mall/book/cabinet/3654/9784253063654.jpg?_ex=300x300
    release_date: 1978-05
  - number: 4
    asin: null
    isbn13: '9784253063661'
    cover_url: https://thumbnail.image.rakuten.co.jp/@0_mall/book/cabinet/3661/9784253063661.jpg?_ex=300x300
    release_date: '1978-11-15'
  - number: 5
    asin: null
    isbn13: '9784253063678'
    cover_url: https://thumbnail.image.rakuten.co.jp/@0_mall/book/cabinet/3678/9784253063678.jpg?_ex=300x300
    release_date: '1979-10-05'
- type: shinsoban
  label: 秋田書店版
  publisher: 秋田書店
  imprint: 秋田書店版
  volumes:
  - number: 1
    asin: null
    isbn13: '9784253103800'
    cover_url: https://thumbnail.image.rakuten.co.jp/@0_mall/book/cabinet/3800/9784253103800.jpg?_ex=300x300
    release_date: 1992-06
  - number: 2
    asin: null
    isbn13: '9784253103817'
    cover_url: https://thumbnail.image.rakuten.co.jp/@0_mall/book/cabinet/3817/9784253103817.jpg?_ex=300x300
    release_date: '1992-08-30'
  - number: 3
    asin: null
    isbn13: '9784253103824'
    cover_url: https://thumbnail.image.rakuten.co.jp/@0_mall/book/cabinet/3824/9784253103824.jpg?_ex=300x300
    release_date: '1992-10-30'
- type: shinsoban
  label: チャンピオン・グラフィック
  publisher: 不明
  imprint: チャンピオン・グラフィック
  volumes:
  - number: 1
    asin: null
    isbn13: null
    cover_url: null
    release_date: '1980-09-25'
  - number: 2
    asin: null
    isbn13: null
    cover_url: null
    release_date: '1981-01-20'
  - number: 3
    asin: null
    isbn13: null
    cover_url: null
    release_date: '1981-05-15'
  - number: 4
    asin: null
    isbn13: null
    cover_url: null
    release_date: '1981-08-20'
- type: bunkobon
  label: 秋田文庫
  publisher: 秋田書店
  imprint: 秋田文庫
  volumes:
  - number: 1
    asin: null
    isbn13: '9784253170055'
    cover_url: https://thumbnail.image.rakuten.co.jp/@0_mall/book/cabinet/0055/9784253170055.jpg?_ex=300x300
    release_date: '1994-04-30'
  - number: 2
    asin: null
    isbn13: '9784253170062'
    cover_url: https://thumbnail.image.rakuten.co.jp/@0_mall/book/cabinet/0062/9784253170062.jpg?_ex=300x300
    release_date: '1994-04-30'
  - number: 3
    asin: null
    isbn13: '9784253170079'
    cover_url: https://thumbnail.image.rakuten.co.jp/@0_mall/book/cabinet/0079/9784253170079.jpg?_ex=300x300
    release_date: '1994-04-30'
- type: shinsoban
  label: Akita top comics
  publisher: 秋田書店
  imprint: Akita top comics
  volumes:
  - number: 1
    asin: null
    isbn13: '9784253189750'
    cover_url: https://thumbnail.image.rakuten.co.jp/@0_mall/book/cabinet/2531/25318975.jpg?_ex=300x300
    release_date: 2003-08
  - number: 2
    asin: null
    isbn13: '9784253189767'
    cover_url: https://thumbnail.image.rakuten.co.jp/@0_mall/book/cabinet/2531/25318976.jpg?_ex=300x300
    release_date: 2003-10
  - number: 3
    asin: null
    isbn13: '9784253189774'
    cover_url: https://thumbnail.image.rakuten.co.jp/@0_mall/book/cabinet/2531/25318977.jpg?_ex=300x300
    release_date: 2003-11
  - number: 4
    asin: null
    isbn13: '9784253189941'
    cover_url: https://thumbnail.image.rakuten.co.jp/@0_mall/book/cabinet/2531/25318994.jpg?_ex=300x300
    release_date: 2003-12
  - number: 5
    asin: null
    isbn13: '9784253189958'
    cover_url: null
    release_date: 2004-01
publishers:
- akita
