# Regenerated by scripts/_promote-bulk-v2.py (= path B' step G)
slug: blue-lock
title: ブルーロック
title_kana: ブルーロック
title_romaji: buru rokku
year_started: 2018
year_ended: null
status: ongoing
authors:
- name: ノ村優介
  role: artist
  kana: ノムラユウスケ
  romaji: nomurayuusuke
original_authors: []
publisher: kodansha
magazine: weekly-shonen-magazine
demographic: shounen
genres:
- sports
- drama
- school
- action
synopsis: 2018年のワールドカップでの惨敗後、立て直しに苦しむ日本代表。足りないのは勝利へ導く絶対的エースストライカー。協会はゴールに飢えた点取り屋を生み出すべく、全国から300人の精鋭ユース選手を集める、というサッカー物語。
anime_adapted: true
alternative_titles:
  en: Blue Lock
editions:
- type: standard
  label: 通常版
  publisher: 講談社
  imprint: SHONEN MAGAZINE COMICS
  volumes:
  - number: 1
    asin: null
    isbn13: '9784065134009'
    cover_url: null
    release_date: 2018-11
  - number: 2
    asin: null
    isbn13: '9784065141212'
    cover_url: null
    release_date: 2019-01
  - number: 3
    asin: null
    isbn13: '9784065144473'
    cover_url: null
    release_date: 2019-03
  - number: 4
    asin: null
    isbn13: '9784065154502'
    cover_url: null
    release_date: 2019-06
  - number: 5
    asin: null
    isbn13: '9784065163368'
    cover_url: null
    release_date: 2019-08
  - number: 6
    asin: null
    isbn13: '9784065171677'
    cover_url: null
    release_date: 2019-10
  - number: 7
    asin: null
    isbn13: '9784065178874'
    cover_url: null
    release_date: 2020-01
  - number: 8
    asin: null
    isbn13: '9784065185599'
    cover_url: null
    release_date: null
  - number: 9
    asin: null
    isbn13: '9784065188545'
    cover_url: null
    release_date: null
  - number: 10
    asin: null
    isbn13: '9784065203606'
    cover_url: null
    release_date: 2020-08
  - number: 11
    asin: null
    isbn13: '9784065210185'
    cover_url: null
    release_date: 2020-10
  - number: 12
    asin: null
    isbn13: '9784065216385'
    cover_url: null
    release_date: 2020-12
  - number: 13
    asin: null
    isbn13: '9784065220733'
    cover_url: null
    release_date: 2021-03
  - number: 14
    asin: null
    isbn13: '9784065231487'
    cover_url: null
    release_date: 2021-05
  - number: 15
    asin: null
    isbn13: '9784065244791'
    cover_url: null
    release_date: 2021-08
  - number: 16
    asin: null
    isbn13: '9784065251416'
    cover_url: null
    release_date: 2021-10
  - number: 17
    asin: null
    isbn13: '9784065262863'
    cover_url: null
    release_date: 2021-12
  - number: 18
    asin: null
    isbn13: '9784065272886'
    cover_url: null
    release_date: 2022-03
  - number: 19
    asin: null
    isbn13: '9784065279137'
    cover_url: null
    release_date: 2022-05
  - number: 20
    asin: null
    isbn13: '9784065285015'
    cover_url: null
    release_date: 2022-07
  - number: 21
    asin: null
    isbn13: '9784065294895'
    cover_url: null
    release_date: 2022-10
  - number: 22
    asin: null
    isbn13: '9784065299876'
    cover_url: null
    release_date: 2022-12
  - number: 23
    asin: null
    isbn13: '9784065309278'
    cover_url: null
    release_date: 2023-03
  - number: 24
    asin: null
    isbn13: '9784065315668'
    cover_url: null
    release_date: 2023-05
  - number: 25
    asin: null
    isbn13: '9784065321836'
    cover_url: null
    release_date: 2023-07
  - number: 26
    asin: null
    isbn13: '9784065328446'
    cover_url: null
    release_date: 2023-09
  - number: 27
    asin: null
    isbn13: '9784065339046'
    cover_url: null
    release_date: 2023-12
  - number: 28
    asin: null
    isbn13: '9784065345610'
    cover_url: null
    release_date: 2024-03
  - number: 29
    asin: null
    isbn13: '9784065355060'
    cover_url: null
    release_date: 2024-05
  - number: 30
    asin: null
    isbn13: '9784065365205'
    cover_url: null
    release_date: 2024-08
  - number: 31
    asin: null
    isbn13: '9784065370476'
    cover_url: null
    release_date: 2024-10
  - number: 32
    asin: null
    isbn13: '9784065377697'
    cover_url: null
    release_date: '2024-12-13'
  - number: 33
    asin: null
    isbn13: '9784065387092'
    cover_url: null
    release_date: '2025-03-07'
  - number: 34
    asin: null
    isbn13: '9784065397565'
    cover_url: null
    release_date: '2025-06-14'
  - number: 35
    asin: null
    isbn13: '9784065403679'
    cover_url: null
    release_date: '2025-08-22'
  - number: 36
    asin: null
    isbn13: '9784065415535'
    cover_url: null
    release_date: '2025-11-01'
  - number: 37
    asin: null
    isbn13: '9784065422069'
    cover_url: null
    release_date: '2026-01-09'
  - number: 38
    asin: null
    isbn13: '9784065432426'
    cover_url: null
    release_date: '2026-04-04'
publishers:
- kodansha
anilist_id: 106130
synonyms:
- Bluelock
- 블루 록
genres_anilist:
- Action
- Drama
- Sports
tags:
- name: Shounen
  category: Demographic
  rank: 84
work_wikidata_qid: Q62414782
