# Regenerated by scripts/_promote-bulk-v2.py (= path B' step G)
slug: eisen-no-lovelock
title: 英戦のラブロック
title_kana: エイセンノラブロック
title_romaji: eisen no raburokku
year_started: 2021
year_ended: 2022
status: completed
authors:
- name: シヒラ竜也
  role: writer_artist
  kana: シヒラタツヤ
  romaji: shihiratatsuya
original_authors: []
publisher: kodansha
magazine: null
demographic: shounen
genres:
- action
- fantasy
- drama
- sci-fi
synopsis: 混沌の時代、スーパーヒーローたちが現れ、世界は再び平和を取り戻した。だがその世界では、人は守る「ヒーロー」と、後始末をする「モブ」に分けられていた。弟ヒイロは「モブ」、兄アオは「ヒーロー」。それでもヒイロは、特に幼馴染イルカが絡めば、迷わず危険に飛び込んでいく。アクション・ファンタジー。
alternative_titles:
  en: Love Lock of the Hero Battle
wikidata_qid: Q11307478
editions:
- type: standard
  label: 通常版
  publisher: 講談社
  imprint: 講談社コミックス
  volumes:
  - number: 1
    asin: null
    isbn13: '9784065240403'
    cover_url: null
    release_date: 2021-07
  - number: 2
    asin: null
    isbn13: '9784065248300'
    cover_url: null
    release_date: 2021-10
  - number: 3
    asin: null
    isbn13: '9784065262900'
    cover_url: null
    release_date: 2021-12
  - number: 4
    asin: null
    isbn13: '9784065269039'
    cover_url: null
    release_date: 2022-02
publishers:
- kodansha
anilist_id: 132353
synonyms:
- Lovelock of Majestic War
genres_anilist:
- Action
- Drama
- Fantasy
- Sci-Fi
tags:
- name: Shounen
  category: Demographic
  rank: 80
