# Regenerated by scripts/_promote-bulk-v2.py (= path B' step G)
slug: i-am-sherlock
title: I AM SHERLOCK
title_kana: アイアムシャーロック
title_romaji: ai amu sharokku
year_started: 2017
year_ended: 2018
status: completed
authors:
- name: 高田康太郎
  role: artist
  kana: タカタコウタロウ
  romaji: takatakoutarou
original_authors: []
publisher: shogakukan
magazine: null
demographic: seinen
genres:
- mystery
- sci-fi
synopsis: 近未来のロンドン。落ち込んで職もないジョン・ワトソンは、ある「風変わりな人物」のルームメイトにならないかという誘いを受ける。やがて彼は、その人物がシャーロック・ホームズと名乗るアンドロイドだと知ることになる。SFミステリー。
anime_adapted: false
alternative_titles:
  en: I Am Sherlock
editions:
- type: standard
  label: 通常版
  publisher: 小学館
  imprint: ゲッサン少年サンデーコミックススペシャル
  volumes:
  - number: 1
    asin: null
    isbn13: '9784091277701'
    cover_url: null
    release_date: 2017-08
  - number: 2
    asin: null
    isbn13: '9784091280657'
    cover_url: null
    release_date: 2018-01
  - number: 3
    asin: null
    isbn13: '9784091278968'
    cover_url: null
    release_date: 2018-05
  - number: 4
    asin: null
    isbn13: '9784091286000'
    cover_url: null
    release_date: 2018-10
publishers:
- shogakukan
anilist_id: 105772
genres_anilist:
- Mystery
- Sci-Fi
tags:
- name: Shounen
  category: Demographic
  rank: 20
