# Regenerated by scripts/_promote-bulk-v2.py (= path B' step G)
slug: key-jack-deadlock
title: KEY JACK DEADLOCK
title_kana: キージャックデッドロック
title_romaji: ki jakku deddorokku
year_started: 2017
year_ended: 2018
status: completed
authors:
- name: 潮見知佳
  role: writer_artist
  kana: シオミチカ
  romaji: shiomichika
original_authors: []
publisher: akita
magazine: null
demographic: seinen
genres:
- action
- sci-fi
- fantasy
- mystery
synopsis: ''
anime_adapted: false
wikidata_qid: Q9310006
editions:
- type: standard
  label: 通常版
  publisher: 秋田書店
  imprint: BONITA COMICS
  volumes:
  - number: 1
    asin: null
    isbn13: '9784253263061'
    cover_url: null
    release_date: 2017-11
  - number: 2
    asin: null
    isbn13: '9784253263078'
    cover_url: null
    release_date: 2018-07
publishers:
- akita
anilist_id: 181216
synonyms:
- キージャック デッドロック
genres_anilist:
- Action
- Fantasy
- Mystery
tags:
- name: Shoujo
  category: Demographic
  rank: 79
