# Regenerated by scripts/_promote-bulk-v2.py (= path B' step G)
slug: land-lock
title: LAND LOCK
title_kana: ランドロック
title_romaji: rando rokku
year_started: 2019
year_ended: 2019
status: completed
authors:
- name: 小田原愛
  role: writer_artist
  kana: オダハラアイ
  romaji: odaharaai
original_authors: []
publisher: shueisha
magazine: null
demographic: seinen
genres:
- drama
- mystery
- action
- adventure
synopsis: ごく普通の高校生だったリョウは、搭乗していた飛行機が極寒の荒野に墜落したことで一変する。救助が来るかもわからず、生存者たちは早くも諍いを始めていた。フルカラーのサバイバルスリラー。
anime_adapted: false
alternative_titles:
  en: LAND LOCK
editions:
- type: standard
  label: 通常版
  publisher: 集英社
  imprint: JUMP COMICS+
  volumes:
  - number: 1
    asin: null
    isbn13: '9784088816968'
    cover_url: null
    release_date: 2019-02
  - number: 2
    asin: null
    isbn13: '9784088817903'
    cover_url: null
    release_date: 2019-03
  - number: 3
    asin: null
    isbn13: '9784088818528'
    cover_url: null
    release_date: 2019-05
  - number: 4
    asin: null
    isbn13: '9784088818726'
    cover_url: null
    release_date: 2019-06
publishers:
- shueisha
anilist_id: 107449
genres_anilist:
- Action
- Adventure
- Drama
tags:
- name: Shounen
  category: Demographic
  rank: 60
