# Regenerated by scripts/_promote-bulk-v2.py (= path B' step G)
slug: uchu-kaizoku-kyaputen-harlock
title: 宇宙海賊キャプテンハーロック
title_kana: ウチュウカイゾクキャプテンハーロック
title_romaji: uchuu kaizoku kyaputen harokku
year_started: 1977
year_ended: 1979
status: completed
authors:
- name: 松本零士
  role: writer_artist
  kana: マツモトレイジ
  romaji: matsumotoreiji
original_authors: []
publisher: akita
magazine: null
demographic: shounen
genres:
- sci-fi
- adventure
- drama
- romance
synopsis: 全体主義と戦う、誇り高き宇宙海賊キャプテン・ハーロック。謎の異星人の力が地球を侵略するなか、立ち向かう勇気を持つのはハーロックと、彼の率いる無頼の乗組員たちだけだった。少年・台羽正もその一員に加わり、宇宙戦艦アルカディア号で真実を追う。SFアドベンチャー。
anime_adapted: true
alternative_titles:
  en: Space Pirate Captain Harlock
wikidata_qid: Q431443
editions:
- type: standard
  label: 通常版
  publisher: 秋田書店
  imprint: サンデーコミックス
  volumes:
  - number: 1
    asin: null
    isbn13: null
    cover_url: null
    release_date: 1977-11
  - number: 2
    asin: null
    isbn13: null
    cover_url: null
    release_date: 1978-01
  - number: 3
    asin: null
    isbn13: null
    cover_url: null
    release_date: 1978-05
  - number: 4
    asin: null
    isbn13: '9784253063661'
    cover_url: null
    release_date: '1978-11-15'
  - number: 5
    asin: null
    isbn13: '9784253063678'
    cover_url: null
    release_date: '1979-10-05'
- type: bunkobon
  label: 文庫版
  publisher: 秋田書店
  imprint: 秋田文庫
  volumes:
  - number: 1
    asin: null
    isbn13: '9784253170055'
    cover_url: null
    release_date: '1994-04-30'
  - number: 2
    asin: null
    isbn13: '9784253170062'
    cover_url: null
    release_date: 1994-04
  - number: 3
    asin: null
    isbn13: '9784253170079'
    cover_url: null
    release_date: 1994-04
publishers:
- akita
anilist_id: 35115
synonyms:
- Uchū Kaizoku Kyaputen Hārokku
- 'Capitán Harlock: El Pirata Espacial'
- Captain Harlock
- Space Pirate Captain Harlock
- 'Captain Harlock: The Classic Collection'
- 우주해적 캡틴 하록
genres_anilist:
- Adventure
- Drama
- Romance
- Sci-Fi
tags:
- name: Seinen
  category: Demographic
  rank: 79
